
Microsoft Visual Studio Solution File, Format Version 12.00
# Visual Studio Version 17
VisualStudioVersion = 17.3.32819.101
MinimumVisualStudioVersion = 10.0.40219.1
Project("{FAE04EC0-301F-11D3-BF4B-00C04F79EFBC}") = "jwtWebApi", "jwtWebApi\jwtWebApi.csproj", "{B96C6DA5-DC77-4523-A58F-9A565BC8B4CA}"
EndProject
Global
	GlobalSection(SolutionConfigurationPlatforms) = preSolution
		Debug|Any CPU = Debug|Any CPU
		Release|Any CPU = Release|Any CPU
	EndGlobalSection
	GlobalSection(ProjectConfigurationPlatforms) = postSolution
		{B96C6DA5-DC77-4523-A58F-9A565BC8B4CA}.Debug|Any CPU.ActiveCfg = Debug|Any CPU
		{B96C6DA5-DC77-4523-A58F-9A565BC8B4CA}.Debug|Any CPU.Build.0 = Debug|Any CPU
		{B96C6DA5-DC77-4523-A58F-9A565BC8B4CA}.Release|Any CPU.ActiveCfg = Release|Any CPU
		{B96C6DA5-DC77-4523-A58F-9A565BC8B4CA}.Release|Any CPU.Build.0 = Release|Any CPU
	EndGlobalSection
	GlobalSection(SolutionProperties) = preSolution
		HideSolutionNode = FALSE
	EndGlobalSection
	GlobalSection(ExtensibilityGlobals) = postSolution
		SolutionGuid = {AAC4F08B-BF7B-452B-AA52-05DEC6CEBDB8}
	EndGlobalSection
EndGlobal
